// !$*UTF8*$!
{
	archiveVersion = 1;
	classes = {
	};
	objectVersion = 46;
	objects = {

/* Begin PBXBuildFile section */
		50599D001D84FABB004E175B /* textdump in Resources */ = {isa = PBXBuildFile; fileRef = 50599CFF1D84FABB004E175B /* textdump */; };
		50632D581D85196D0070BA96 /* jab.mp3 in Resources */ = {isa = PBXBuildFile; fileRef = 50632D541D85196D0070BA96 /* jab.mp3 */; };
		50632D591D85196D0070BA96 /* kiss.mp3 in Resources */ = {isa = PBXBuildFile; fileRef = 50632D551D85196D0070BA96 /* kiss.mp3 */; };
		50632D5A1D85196D0070BA96 /* punch.mp3 in Resources */ = {isa = PBXBuildFile; fileRef = 50632D561D85196D0070BA96 /* punch.mp3 */; };
		50632D5B1D85196D0070BA96 /* slap.mp3 in Resources */ = {isa = PBXBuildFile; fileRef = 50632D571D85196D0070BA96 /* slap.mp3 */; };
		50BBCA291D8709AE0063283C /* gym7.jpg in Resources */ = {isa = PBXBuildFile; fileRef = 50BBCA261D8709AE0063283C /* gym7.jpg */; };
		50BBCA2A1D8709AE0063283C /* gym8.jpg in Resources */ = {isa = PBXBuildFile; fileRef = 50BBCA271D8709AE0063283C /* gym8.jpg */; };
		50BBCA2B1D8709AE0063283C /* gym10.jpg in Resources */ = {isa = PBXBuildFile; fileRef = 50BBCA281D8709AE0063283C /* gym10.jpg */; };
		50BBCA2F1D870E7C0063283C /* gym4.jpg in Resources */ = {isa = PBXBuildFile; fileRef = 50BBCA2C1D870E7C0063283C /* gym4.jpg */; };
		50BBCA301D870E7C0063283C /* ryu.mp3 in Resources */ = {isa = PBXBuildFile; fileRef = 50BBCA2D1D870E7C0063283C /* ryu.mp3 */; };
		50BBCA331D8713FB0063283C /* white.png in Resources */ = {isa = PBXBuildFile; fileRef = 50BBCA321D8713FB0063283C /* white.png */; };
		50BBCA361D872A150063283C /* bellend.mp3 in Resources */ = {isa = PBXBuildFile; fileRef = 50BBCA341D872A150063283C /* bellend.mp3 */; };
		50BBCA371D872A150063283C /* bellstart.mp3 in Resources */ = {isa = PBXBuildFile; fileRef = 50BBCA351D872A150063283C /* bellstart.mp3 */; };
		50BBCA391D8748A30063283C /* victory.mp3 in Resources */ = {isa = PBXBuildFile; fileRef = 50BBCA381D8748A30063283C /* victory.mp3 */; };
		50BBCA3B1D874E210063283C /* logo.png in Resources */ = {isa = PBXBuildFile; fileRef = 50BBCA3A1D874E210063283C /* logo.png */; };
		50BBCA441D875CE80063283C /* quote.mp3 in Resources */ = {isa = PBXBuildFile; fileRef = 50BBCA3E1D875CE80063283C /* quote.mp3 */; };
		50BBCA451D875CE80063283C /* s1.mp3 in Resources */ = {isa = PBXBuildFile; fileRef = 50BBCA3F1D875CE80063283C /* s1.mp3 */; };
		50BBCA461D875CE80063283C /* s2.mp3 in Resources */ = {isa = PBXBuildFile; fileRef = 50BBCA401D875CE80063283C /* s2.mp3 */; };
		50BBCA471D875CE80063283C /* s3.mp3 in Resources */ = {isa = PBXBuildFile; fileRef = 50BBCA411D875CE80063283C /* s3.mp3 */; };
		50BBCA481D875CE80063283C /* s4.mp3 in Resources */ = {isa = PBXBuildFile; fileRef = 50BBCA421D875CE80063283C /* s4.mp3 */; };
		50BBCA491D875CE80063283C /* s5.mp3 in Resources */ = {isa = PBXBuildFile; fileRef = 50BBCA431D875CE80063283C /* s5.mp3 */; };
		50BBCA4B1D8780E00063283C /* donald.png in Resources */ = {isa = PBXBuildFile; fileRef = 50BBCA4A1D8780E00063283C /* donald.png */; };
		CC1A53F21D838D1700FDA15B /* AppDelegate.swift in Sources */ = {isa = PBXBuildFile; fileRef = CC1A53F11D838D1700FDA15B /* AppDelegate.swift */; };
		CC1A53F41D838D1700FDA15B /* ViewController.swift in Sources */ = {isa = PBXBuildFile; fileRef = CC1A53F31D838D1700FDA15B /* ViewController.swift */; };
		CC1A53F71D838D1700FDA15B /* Main.storyboard in Resources */ = {isa = PBXBuildFile; fileRef = CC1A53F51D838D1700FDA15B /* Main.storyboard */; };
		CC1A53F91D838D1700FDA15B /* Assets.xcassets in Resources */ = {isa = PBXBuildFile; fileRef = CC1A53F81D838D1700FDA15B /* Assets.xcassets */; };
		CC1A53FC1D838D1700FDA15B /* LaunchScreen.storyboard in Resources */ = {isa = PBXBuildFile; fileRef = CC1A53FA1D838D1700FDA15B /* LaunchScreen.storyboard */; };
		CC1A54071D838D1700FDA15B /* punching_bagTests.swift in Sources */ = {isa = PBXBuildFile; fileRef = CC1A54061D838D1700FDA15B /* punching_bagTests.swift */; };
		CC1A54121D838D1700FDA15B /* punching_bagUITests.swift in Sources */ = {isa = PBXBuildFile; fileRef = CC1A54111D838D1700FDA15B /* punching_bagUITests.swift */; };
		CC1A54261D849FD800FDA15B /* everlast_pb.png in Resources */ = {isa = PBXBuildFile; fileRef = CC1A54251D849FD800FDA15B /* everlast_pb.png */; };
		CC1A542C1D84D0E400FDA15B /* right_gloves2.png in Resources */ = {isa = PBXBuildFile; fileRef = CC1A542B1D84D0E400FDA15B /* right_gloves2.png */; };
		CC1A542E1D84D0EE00FDA15B /* left_gloves2.png in Resources */ = {isa = PBXBuildFile; fileRef = CC1A542D1D84D0EE00FDA15B /* left_gloves2.png */; };
/* End PBXBuildFile section */

/* Begin PBXContainerItemProxy section */
		CC1A54031D838D1700FDA15B /* PBXContainerItemProxy */ = {
			isa = PBXContainerItemProxy;
			containerPortal = CC1A53E61D838D1700FDA15B /* Project object */;
			proxyType = 1;
			remoteGlobalIDString = CC1A53ED1D838D1700FDA15B;
			remoteInfo = punching_bag;
		};
		CC1A540E1D838D1700FDA15B /* PBXContainerItemProxy */ = {
			isa = PBXContainerItemProxy;
			containerPortal = CC1A53E61D838D1700FDA15B /* Project object */;
			proxyType = 1;
			remoteGlobalIDString = CC1A53ED1D838D1700FDA15B;
			remoteInfo = punching_bag;
		};
/* End PBXContainerItemProxy section */

/* Begin PBXFileReference section */
		50599CFF1D84FABB004E175B /* textdump */ = {isa = PBXFileReference; fileEncoding = 4; lastKnownFileType = text; path = textdump; sourceTree = "<group>"; };
		50632D541D85196D0070BA96 /* jab.mp3 */ = {isa = PBXFileReference; lastKnownFileType = audio.mp3; path = jab.mp3; sourceTree = SOURCE_ROOT; };
		50632D551D85196D0070BA96 /* kiss.mp3 */ = {isa = PBXFileReference; lastKnownFileType = audio.mp3; path = kiss.mp3; sourceTree = SOURCE_ROOT; };
		50632D561D85196D0070BA96 /* punch.mp3 */ = {isa = PBXFileReference; lastKnownFileType = audio.mp3; path = punch.mp3; sourceTree = SOURCE_ROOT; };
		50632D571D85196D0070BA96 /* slap.mp3 */ = {isa = PBXFileReference; lastKnownFileType = audio.mp3; path = slap.mp3; sourceTree = SOURCE_ROOT; };
		50BBCA261D8709AE0063283C /* gym7.jpg */ = {isa = PBXFileReference; lastKnownFileType = image.jpeg; path = gym7.jpg; sourceTree = SOURCE_ROOT; };
		50BBCA271D8709AE0063283C /* gym8.jpg */ = {isa = PBXFileReference; lastKnownFileType = image.jpeg; path = gym8.jpg; sourceTree = SOURCE_ROOT; };
		50BBCA281D8709AE0063283C /* gym10.jpg */ = {isa = PBXFileReference; lastKnownFileType = image.jpeg; path = gym10.jpg; sourceTree = SOURCE_ROOT; };
		50BBCA2C1D870E7C0063283C /* gym4.jpg */ = {isa = PBXFileReference; lastKnownFileType = image.jpeg; path = gym4.jpg; sourceTree = SOURCE_ROOT; };
		50BBCA2D1D870E7C0063283C /* ryu.mp3 */ = {isa = PBXFileReference; lastKnownFileType = audio.mp3; path = ryu.mp3; sourceTree = SOURCE_ROOT; };
		50BBCA321D8713FB0063283C /* white.png */ = {isa = PBXFileReference; lastKnownFileType = image.png; path = white.png; sourceTree = SOURCE_ROOT; };
		50BBCA341D872A150063283C /* bellend.mp3 */ = {isa = PBXFileReference; lastKnownFileType = audio.mp3; path = bellend.mp3; sourceTree = SOURCE_ROOT; };
		50BBCA351D872A150063283C /* bellstart.mp3 */ = {isa = PBXFileReference; lastKnownFileType = audio.mp3; path = bellstart.mp3; sourceTree = SOURCE_ROOT; };
		50BBCA381D8748A30063283C /* victory.mp3 */ = {isa = PBXFileReference; lastKnownFileType = audio.mp3; path = victory.mp3; sourceTree = SOURCE_ROOT; };
		50BBCA3A1D874E210063283C /* logo.png */ = {isa = PBXFileReference; lastKnownFileType = image.png; path = logo.png; sourceTree = SOURCE_ROOT; };
		50BBCA3E1D875CE80063283C /* quote.mp3 */ = {isa = PBXFileReference; lastKnownFileType = audio.mp3; path = quote.mp3; sourceTree = SOURCE_ROOT; };
		50BBCA3F1D875CE80063283C /* s1.mp3 */ = {isa = PBXFileReference; lastKnownFileType = audio.mp3; path = s1.mp3; sourceTree = SOURCE_ROOT; };
		50BBCA401D875CE80063283C /* s2.mp3 */ = {isa = PBXFileReference; lastKnownFileType = audio.mp3; path = s2.mp3; sourceTree = SOURCE_ROOT; };
		50BBCA411D875CE80063283C /* s3.mp3 */ = {isa = PBXFileReference; lastKnownFileType = audio.mp3; path = s3.mp3; sourceTree = SOURCE_ROOT; };
		50BBCA421D875CE80063283C /* s4.mp3 */ = {isa = PBXFileReference; lastKnownFileType = audio.mp3; path = s4.mp3; sourceTree = SOURCE_ROOT; };
		50BBCA431D875CE80063283C /* s5.mp3 */ = {isa = PBXFileReference; lastKnownFileType = audio.mp3; path = s5.mp3; sourceTree = SOURCE_ROOT; };
		50BBCA4A1D8780E00063283C /* donald.png */ = {isa = PBXFileReference; lastKnownFileType = image.png; path = donald.png; sourceTree = SOURCE_ROOT; };
		CC1A53EE1D838D1700FDA15B /* punching_bag.app */ = {isa = PBXFileReference; explicitFileType = wrapper.application; includeInIndex = 0; path = punching_bag.app; sourceTree = BUILT_PRODUCTS_DIR; };
		CC1A53F11D838D1700FDA15B /* AppDelegate.swift */ = {isa = PBXFileReference; lastKnownFileType = sourcecode.swift; path = AppDelegate.swift; sourceTree = "<group>"; };
		CC1A53F31D838D1700FDA15B /* ViewController.swift */ = {isa = PBXFileReference; lastKnownFileType = sourcecode.swift; path = ViewController.swift; sourceTree = "<group>"; };
		CC1A53F61D838D1700FDA15B /* Base */ = {isa = PBXFileReference; lastKnownFileType = file.storyboard; name = Base; path = Base.lproj/Main.storyboard; sourceTree = "<group>"; };
		CC1A53F81D838D1700FDA15B /* Assets.xcassets */ = {isa = PBXFileReference; lastKnownFileType = folder.assetcatalog; path = Assets.xcassets; sourceTree = "<group>"; };
		CC1A53FB1D838D1700FDA15B /* Base */ = {isa = PBXFileReference; lastKnownFileType = file.storyboard; name = Base; path = Base.lproj/LaunchScreen.storyboard; sourceTree = "<group>"; };
		CC1A53FD1D838D1700FDA15B /* Info.plist */ = {isa = PBXFileReference; lastKnownFileType = text.plist.xml; path = Info.plist; sourceTree = "<group>"; };
		CC1A54021D838D1700FDA15B /* punching_bagTests.xctest */ = {isa = PBXFileReference; explicitFileType = wrapper.cfbundle; includeInIndex = 0; path = punching_bagTests.xctest; sourceTree = BUILT_PRODUCTS_DIR; };
		CC1A54061D838D1700FDA15B /* punching_bagTests.swift */ = {isa = PBXFileReference; lastKnownFileType = sourcecode.swift; path = punching_bagTests.swift; sourceTree = "<group>"; };
		CC1A54081D838D1700FDA15B /* Info.plist */ = {isa = PBXFileReference; lastKnownFileType = text.plist.xml; path = Info.plist; sourceTree = "<group>"; };
		CC1A540D1D838D1700FDA15B /* punching_bagUITests.xctest */ = {isa = PBXFileReference; explicitFileType = wrapper.cfbundle; includeInIndex = 0; path = punching_bagUITests.xctest; sourceTree = BUILT_PRODUCTS_DIR; };
		CC1A54111D838D1700FDA15B /* punching_bagUITests.swift */ = {isa = PBXFileReference; lastKnownFileType = sourcecode.swift; path = punching_bagUITests.swift; sourceTree = "<group>"; };
		CC1A54131D838D1700FDA15B /* Info.plist */ = {isa = PBXFileReference; lastKnownFileType = text.plist.xml; path = Info.plist; sourceTree = "<group>"; };
		CC1A54251D849FD800FDA15B /* everlast_pb.png */ = {isa = PBXFileReference; lastKnownFileType = image.png; path = everlast_pb.png; sourceTree = "<group>"; };
		CC1A542B1D84D0E400FDA15B /* right_gloves2.png */ = {isa = PBXFileReference; lastKnownFileType = image.png; path = right_gloves2.png; sourceTree = "<group>"; };
		CC1A542D1D84D0EE00FDA15B /* left_gloves2.png */ = {isa = PBXFileReference; lastKnownFileType = image.png; path = left_gloves2.png; sourceTree = "<group>"; };
/* End PBXFileReference section */

/* Begin PBXFrameworksBuildPhase section */
		CC1A53EB1D838D1700FDA15B /* Frameworks */ = {
			isa = PBXFrameworksBuildPhase;
			buildActionMask = 2147483647;
			files = (
			);
			runOnlyForDeploymentPostprocessing = 0;
		};
		CC1A53FF1D838D1700FDA15B /* Frameworks */ = {
			isa = PBXFrameworksBuildPhase;
			buildActionMask = 2147483647;
			files = (
			);
			runOnlyForDeploymentPostprocessing = 0;
		};
		CC1A540A1D838D1700FDA15B /* Frameworks */ = {
			isa = PBXFrameworksBuildPhase;
			buildActionMask = 2147483647;
			files = (
			);
			runOnlyForDeploymentPostprocessing = 0;
		};
/* End PBXFrameworksBuildPhase section */

/* Begin PBXGroup section */
		CC1A53E51D838D1700FDA15B = {
			isa = PBXGroup;
			children = (
				CC1A53F01D838D1700FDA15B /* punching_bag */,
				CC1A54051D838D1700FDA15B /* punching_bagTests */,
				CC1A54101D838D1700FDA15B /* punching_bagUITests */,
				CC1A53EF1D838D1700FDA15B /* Products */,
			);
			sourceTree = "<group>";
		};
		CC1A53EF1D838D1700FDA15B /* Products */ = {
			isa = PBXGroup;
			children = (
				CC1A53EE1D838D1700FDA15B /* punching_bag.app */,
				CC1A54021D838D1700FDA15B /* punching_bagTests.xctest */,
				CC1A540D1D838D1700FDA15B /* punching_bagUITests.xctest */,
			);
			name = Products;
			sourceTree = "<group>";
		};
		CC1A53F01D838D1700FDA15B /* punching_bag */ = {
			isa = PBXGroup;
			children = (
				50BBCA4A1D8780E00063283C /* donald.png */,
				50BBCA3E1D875CE80063283C /* quote.mp3 */,
				50BBCA3F1D875CE80063283C /* s1.mp3 */,
				50BBCA401D875CE80063283C /* s2.mp3 */,
				50BBCA411D875CE80063283C /* s3.mp3 */,
				50BBCA421D875CE80063283C /* s4.mp3 */,
				50BBCA431D875CE80063283C /* s5.mp3 */,
				50BBCA3A1D874E210063283C /* logo.png */,
				50BBCA381D8748A30063283C /* victory.mp3 */,
				50BBCA341D872A150063283C /* bellend.mp3 */,
				50BBCA351D872A150063283C /* bellstart.mp3 */,
				50BBCA321D8713FB0063283C /* white.png */,
				50BBCA2C1D870E7C0063283C /* gym4.jpg */,
				50BBCA2D1D870E7C0063283C /* ryu.mp3 */,
				50BBCA261D8709AE0063283C /* gym7.jpg */,
				50BBCA271D8709AE0063283C /* gym8.jpg */,
				50BBCA281D8709AE0063283C /* gym10.jpg */,
				50632D541D85196D0070BA96 /* jab.mp3 */,
				50632D551D85196D0070BA96 /* kiss.mp3 */,
				50632D561D85196D0070BA96 /* punch.mp3 */,
				50632D571D85196D0070BA96 /* slap.mp3 */,
				CC1A53F11D838D1700FDA15B /* AppDelegate.swift */,
				CC1A53F31D838D1700FDA15B /* ViewController.swift */,
				CC1A53F51D838D1700FDA15B /* Main.storyboard */,
				50599CFF1D84FABB004E175B /* textdump */,
				CC1A54251D849FD800FDA15B /* everlast_pb.png */,
				CC1A542B1D84D0E400FDA15B /* right_gloves2.png */,
				CC1A542D1D84D0EE00FDA15B /* left_gloves2.png */,
				CC1A53F81D838D1700FDA15B /* Assets.xcassets */,
				CC1A53FA1D838D1700FDA15B /* LaunchScreen.storyboard */,
				CC1A53FD1D838D1700FDA15B /* Info.plist */,
			);
			path = punching_bag;
			sourceTree = "<group>";
		};
		CC1A54051D838D1700FDA15B /* punching_bagTests */ = {
			isa = PBXGroup;
			children = (
				CC1A54061D838D1700FDA15B /* punching_bagTests.swift */,
				CC1A54081D838D1700FDA15B /* Info.plist */,
			);
			path = punching_bagTests;
			sourceTree = "<group>";
		};
		CC1A54101D838D1700FDA15B /* punching_bagUITests */ = {
			isa = PBXGroup;
			children = (
				CC1A54111D838D1700FDA15B /* punching_bagUITests.swift */,
				CC1A54131D838D1700FDA15B /* Info.plist */,
			);
			path = punching_bagUITests;
			sourceTree = "<group>";
		};
/* End PBXGroup section */

/* Begin PBXNativeTarget section */
		CC1A53ED1D838D1700FDA15B /* punching_bag */ = {
			isa = PBXNativeTarget;
			buildConfigurationList = CC1A54161D838D1700FDA15B /* Build configuration list for PBXNativeTarget "punching_bag" */;
			buildPhases = (
				CC1A53EA1D838D1700FDA15B /* Sources */,
				CC1A53EB1D838D1700FDA15B /* Frameworks */,
				CC1A53EC1D838D1700FDA15B /* Resources */,
			);
			buildRules = (
			);
			dependencies = (
			);
			name = punching_bag;
			productName = punching_bag;
			productReference = CC1A53EE1D838D1700FDA15B /* punching_bag.app */;
			productType = "com.apple.product-type.application";
		};
		CC1A54011D838D1700FDA15B /* punching_bagTests */ = {
			isa = PBXNativeTarget;
			buildConfigurationList = CC1A54191D838D1700FDA15B /* Build configuration list for PBXNativeTarget "punching_bagTests" */;
			buildPhases = (
				CC1A53FE1D838D1700FDA15B /* Sources */,
				CC1A53FF1D838D1700FDA15B /* Frameworks */,
				CC1A54001D838D1700FDA15B /* Resources */,
			);
			buildRules = (
			);
			dependencies = (
				CC1A54041D838D1700FDA15B /* PBXTargetDependency */,
			);
			name = punching_bagTests;
			productName = punching_bagTests;
			productReference = CC1A54021D838D1700FDA15B /* punching_bagTests.xctest */;
			productType = "com.apple.product-type.bundle.unit-test";
		};
		CC1A540C1D838D1700FDA15B /* punching_bagUITests */ = {
			isa = PBXNativeTarget;
			buildConfigurationList = CC1A541C1D838D1700FDA15B /* Build configuration list for PBXNativeTarget "punching_bagUITests" */;
			buildPhases = (
				CC1A54091D838D1700FDA15B /* Sources */,
				CC1A540A1D838D1700FDA15B /* Frameworks */,
				CC1A540B1D838D1700FDA15B /* Resources */,
			);
			buildRules = (
			);
			dependencies = (
				CC1A540F1D838D1700FDA15B /* PBXTargetDependency */,
			);
			name = punching_bagUITests;
			productName = punching_bagUITests;
			productReference = CC1A540D1D838D1700FDA15B /* punching_bagUITests.xctest */;
			productType = "com.apple.product-type.bundle.ui-testing";
		};
/* End PBXNativeTarget section */

/* Begin PBXProject section */
		CC1A53E61D838D1700FDA15B /* Project object */ = {
			isa = PBXProject;
			attributes = {
				LastSwiftUpdateCheck = 0730;
				LastUpgradeCheck = 0730;
				ORGANIZATIONNAME = "John Pham";
				TargetAttributes = {
					CC1A53ED1D838D1700FDA15B = {
						CreatedOnToolsVersion = 7.3;
						DevelopmentTeam = 97MUSCXESA;
					};
					CC1A54011D838D1700FDA15B = {
						CreatedOnToolsVersion = 7.3;
						TestTargetID = CC1A53ED1D838D1700FDA15B;
					};
					CC1A540C1D838D1700FDA15B = {
						CreatedOnToolsVersion = 7.3;
						TestTargetID = CC1A53ED1D838D1700FDA15B;
					};
				};
			};
			buildConfigurationList = CC1A53E91D838D1700FDA15B /* Build configuration list for PBXProject "punching_bag" */;
			compatibilityVersion = "Xcode 3.2";
			developmentRegion = English;
			hasScannedForEncodings = 0;
			knownRegions = (
				en,
				Base,
			);
			mainGroup = CC1A53E51D838D1700FDA15B;
			productRefGroup = CC1A53EF1D838D1700FDA15B /* Products */;
			projectDirPath = "";
			projectRoot = "";
			targets = (
				CC1A53ED1D838D1700FDA15B /* punching_bag */,
				CC1A54011D838D1700FDA15B /* punching_bagTests */,
				CC1A540C1D838D1700FDA15B /* punching_bagUITests */,
			);
		};
/* End PBXProject section */

/* Begin PBXResourcesBuildPhase section */
		CC1A53EC1D838D1700FDA15B /* Resources */ = {
			isa = PBXResourcesBuildPhase;
			buildActionMask = 2147483647;
			files = (
				50BBCA471D875CE80063283C /* s3.mp3 in Resources */,
				CC1A542C1D84D0E400FDA15B /* right_gloves2.png in Resources */,
				50BBCA361D872A150063283C /* bellend.mp3 in Resources */,
				50BBCA2F1D870E7C0063283C /* gym4.jpg in Resources */,
				50599D001D84FABB004E175B /* textdump in Resources */,
				50632D581D85196D0070BA96 /* jab.mp3 in Resources */,
				50BBCA391D8748A30063283C /* victory.mp3 in Resources */,
				CC1A53FC1D838D1700FDA15B /* LaunchScreen.storyboard in Resources */,
				50BBCA491D875CE80063283C /* s5.mp3 in Resources */,
				50BBCA371D872A150063283C /* bellstart.mp3 in Resources */,
				50BBCA301D870E7C0063283C /* ryu.mp3 in Resources */,
				50BBCA461D875CE80063283C /* s2.mp3 in Resources */,
				50BBCA2A1D8709AE0063283C /* gym8.jpg in Resources */,
				50BBCA481D875CE80063283C /* s4.mp3 in Resources */,
				50BBCA331D8713FB0063283C /* white.png in Resources */,
				50BBCA3B1D874E210063283C /* logo.png in Resources */,
				CC1A54261D849FD800FDA15B /* everlast_pb.png in Resources */,
				50BBCA2B1D8709AE0063283C /* gym10.jpg in Resources */,
				CC1A53F91D838D1700FDA15B /* Assets.xcassets in Resources */,
				50BBCA451D875CE80063283C /* s1.mp3 in Resources */,
				CC1A53F71D838D1700FDA15B /* Main.storyboard in Resources */,
				50BBCA441D875CE80063283C /* quote.mp3 in Resources */,
				50BBCA291D8709AE0063283C /* gym7.jpg in Resources */,
				50632D5B1D85196D0070BA96 /* slap.mp3 in Resources */,
				50632D5A1D85196D0070BA96 /* punch.mp3 in Resources */,
				CC1A542E1D84D0EE00FDA15B /* left_gloves2.png in Resources */,
				50632D591D85196D0070BA96 /* kiss.mp3 in Resources */,
				50BBCA4B1D8780E00063283C /* donald.png in Resources */,
			);
			runOnlyForDeploymentPostprocessing = 0;
		};
		CC1A54001D838D1700FDA15B /* Resources */ = {
			isa = PBXResourcesBuildPhase;
			buildActionMask = 2147483647;
			files = (
			);
			runOnlyForDeploymentPostprocessing = 0;
		};
		CC1A540B1D838D1700FDA15B /* Resources */ = {
			isa = PBXResourcesBuildPhase;
			buildActionMask = 2147483647;
			files = (
			);
			runOnlyForDeploymentPostprocessing = 0;
		};
/* End PBXResourcesBuildPhase section */

/* Begin PBXSourcesBuildPhase section */
		CC1A53EA1D838D1700FDA15B /* Sources */ = {
			isa = PBXSourcesBuildPhase;
			buildActionMask = 2147483647;
			files = (
				CC1A53F41D838D1700FDA15B /* ViewController.swift in Sources */,
				CC1A53F21D838D1700FDA15B /* AppDelegate.swift in Sources */,
			);
			runOnlyForDeploymentPostprocessing = 0;
		};
		CC1A53FE1D838D1700FDA15B /* Sources */ = {
			isa = PBXSourcesBuildPhase;
			buildActionMask = 2147483647;
			files = (
				CC1A54071D838D1700FDA15B /* punching_bagTests.swift in Sources */,
			);
			runOnlyForDeploymentPostprocessing = 0;
		};
		CC1A54091D838D1700FDA15B /* Sources */ = {
			isa = PBXSourcesBuildPhase;
			buildActionMask = 2147483647;
			files = (
				CC1A54121D838D1700FDA15B /* punching_bagUITests.swift in Sources */,
			);
			runOnlyForDeploymentPostprocessing = 0;
		};
/* End PBXSourcesBuildPhase section */

/* Begin PBXTargetDependency section */
		CC1A54041D838D1700FDA15B /* PBXTargetDependency */ = {
			isa = PBXTargetDependency;
			target = CC1A53ED1D838D1700FDA15B /* punching_bag */;
			targetProxy = CC1A54031D838D1700FDA15B /* PBXContainerItemProxy */;
		};
		CC1A540F1D838D1700FDA15B /* PBXTargetDependency */ = {
			isa = PBXTargetDependency;
			target = CC1A53ED1D838D1700FDA15B /* punching_bag */;
			targetProxy = CC1A540E1D838D1700FDA15B /* PBXContainerItemProxy */;
		};
/* End PBXTargetDependency section */

/* Begin PBXVariantGroup section */
		CC1A53F51D838D1700FDA15B /* Main.storyboard */ = {
			isa = PBXVariantGroup;
			children = (
				CC1A53F61D838D1700FDA15B /* Base */,
			);
			name = Main.storyboard;
			sourceTree = "<group>";
		};
		CC1A53FA1D838D1700FDA15B /* LaunchScreen.storyboard */ = {
			isa = PBXVariantGroup;
			children = (
				CC1A53FB1D838D1700FDA15B /* Base */,
			);
			name = LaunchScreen.storyboard;
			sourceTree = "<group>";
		};
/* End PBXVariantGroup section */

/* Begin XCBuildConfiguration section */
		CC1A54141D838D1700FDA15B /* Debug */ = {
			isa = XCBuildConfiguration;
			buildSettings = {
				ALWAYS_SEARCH_USER_PATHS = NO;
				CLANG_ANALYZER_NONNULL = YES;
				CLANG_CXX_LANGUAGE_STANDARD = "gnu++0x";
				CLANG_CXX_LIBRARY = "libc++";
				CLANG_ENABLE_MODULES = YES;
				CLANG_ENABLE_OBJC_ARC = YES;
				CLANG_WARN_BOOL_CONVERSION = YES;
				CLANG_WARN_CONSTANT_CONVERSION = YES;
				CLANG_WARN_DIRECT_OBJC_ISA_USAGE = YES_ERROR;
				CLANG_WARN_EMPTY_BODY = YES;
				CLANG_WARN_ENUM_CONVERSION = YES;
				CLANG_WARN_INT_CONVERSION = YES;
				CLANG_WARN_OBJC_ROOT_CLASS = YES_ERROR;
				CLANG_WARN_UNREACHABLE_CODE = YES;
				CLANG_WARN__DUPLICATE_METHOD_MATCH = YES;
				"CODE_SIGN_IDENTITY[sdk=iphoneos*]" = "iPhone Developer";
				COPY_PHASE_STRIP = NO;
				DEBUG_INFORMATION_FORMAT = dwarf;
				ENABLE_STRICT_OBJC_MSGSEND = YES;
				ENABLE_TESTABILITY = YES;
				GCC_C_LANGUAGE_STANDARD = gnu99;
				GCC_DYNAMIC_NO_PIC = NO;
				GCC_NO_COMMON_BLOCKS = YES;
				GCC_OPTIMIZATION_LEVEL = 0;
				GCC_PREPROCESSOR_DEFINITIONS = (
					"DEBUG=1",
					"$(inherited)",
				);
				GCC_WARN_64_TO_32_BIT_CONVERSION = YES;
				GCC_WARN_ABOUT_RETURN_TYPE = YES_ERROR;
				GCC_WARN_UNDECLARED_SELECTOR = YES;
				GCC_WARN_UNINITIALIZED_AUTOS = YES_AGGRESSIVE;
				GCC_WARN_UNUSED_FUNCTION = YES;
				GCC_WARN_UNUSED_VARIABLE = YES;
				IPHONEOS_DEPLOYMENT_TARGET = 9.3;
				MTL_ENABLE_DEBUG_INFO = YES;
				ONLY_ACTIVE_ARCH = YES;
				SDKROOT = iphoneos;
				SWIFT_OPTIMIZATION_LEVEL = "-Onone";
				TARGETED_DEVICE_FAMILY = "1,2";
			};
			name = Debug;
		};
		CC1A54151D838D1700FDA15B /* Release */ = {
			isa = XCBuildConfiguration;
			buildSettings = {
				ALWAYS_SEARCH_USER_PATHS = NO;
				CLANG_ANALYZER_NONNULL = YES;
				CLANG_CXX_LANGUAGE_STANDARD = "gnu++0x";
				CLANG_CXX_LIBRARY = "libc++";
				CLANG_ENABLE_MODULES = YES;
				CLANG_ENABLE_OBJC_ARC = YES;
				CLANG_WARN_BOOL_CONVERSION = YES;
				CLANG_WARN_CONSTANT_CONVERSION = YES;
				CLANG_WARN_DIRECT_OBJC_ISA_USAGE = YES_ERROR;
				CLANG_WARN_EMPTY_BODY = YES;
				CLANG_WARN_ENUM_CONVERSION = YES;
				CLANG_WARN_INT_CONVERSION = YES;
				CLANG_WARN_OBJC_ROOT_CLASS = YES_ERROR;
				CLANG_WARN_UNREACHABLE_CODE = YES;
				CLANG_WARN__DUPLICATE_METHOD_MATCH = YES;
				"CODE_SIGN_IDENTITY[sdk=iphoneos*]" = "iPhone Developer";
				COPY_PHASE_STRIP = NO;
				DEBUG_INFORMATION_FORMAT = "dwarf-with-dsym";
				ENABLE_NS_ASSERTIONS = NO;
				ENABLE_STRICT_OBJC_MSGSEND = YES;
				GCC_C_LANGUAGE_STANDARD = gnu99;
				GCC_NO_COMMON_BLOCKS = YES;
				GCC_WARN_64_TO_32_BIT_CONVERSION = YES;
				GCC_WARN_ABOUT_RETURN_TYPE = YES_ERROR;
				GCC_WARN_UNDECLARED_SELECTOR = YES;
				GCC_WARN_UNINITIALIZED_AUTOS = YES_AGGRESSIVE;
				GCC_WARN_UNUSED_FUNCTION = YES;
				GCC_WARN_UNUSED_VARIABLE = YES;
				IPHONEOS_DEPLOYMENT_TARGET = 9.3;
				MTL_ENABLE_DEBUG_INFO = NO;
				SDKROOT = iphoneos;
				TARGETED_DEVICE_FAMILY = "1,2";
				VALIDATE_PRODUCT = YES;
			};
			name = Release;
		};
		CC1A54171D838D1700FDA15B /* Debug */ = {
			isa = XCBuildConfiguration;
			buildSettings = {
				ASSETCATALOG_COMPILER_APPICON_NAME = AppIcon;
				CODE_SIGN_IDENTITY = "iPhone Developer";
				"CODE_SIGN_IDENTITY[sdk=iphoneos*]" = "iPhone Developer";
				INFOPLIST_FILE = punching_bag/Info.plist;
				LD_RUNPATH_SEARCH_PATHS = "$(inherited) @executable_path/Frameworks";
				PRODUCT_BUNDLE_IDENTIFIER = "com.JohnPham.punching-bag";
				PRODUCT_NAME = "$(TARGET_NAME)";
				PROVISIONING_PROFILE = "";
			};
			name = Debug;
		};
		CC1A54181D838D1700FDA15B /* Release */ = {
			isa = XCBuildConfiguration;
			buildSettings = {
				ASSETCATALOG_COMPILER_APPICON_NAME = AppIcon;
				CODE_SIGN_IDENTITY = "iPhone Developer";
				"CODE_SIGN_IDENTITY[sdk=iphoneos*]" = "iPhone Developer";
				INFOPLIST_FILE = punching_bag/Info.plist;
				LD_RUNPATH_SEARCH_PATHS = "$(inherited) @executable_path/Frameworks";
				PRODUCT_BUNDLE_IDENTIFIER = "com.JohnPham.punching-bag";
				PRODUCT_NAME = "$(TARGET_NAME)";
				PROVISIONING_PROFILE = "";
			};
			name = Release;
		};
		CC1A541A1D838D1700FDA15B /* Debug */ = {
			isa = XCBuildConfiguration;
			buildSettings = {
				BUNDLE_LOADER = "$(TEST_HOST)";
				INFOPLIST_FILE = punching_bagTests/Info.plist;
				LD_RUNPATH_SEARCH_PATHS = "$(inherited) @executable_path/Frameworks @loader_path/Frameworks";
				PRODUCT_BUNDLE_IDENTIFIER = "com.JohnPham.punching-bagTests";
				PRODUCT_NAME = "$(TARGET_NAME)";
				TEST_HOST = "$(BUILT_PRODUCTS_DIR)/punching_bag.app/punching_bag";
			};
			name = Debug;
		};
		CC1A541B1D838D1700FDA15B /* Release */ = {
			isa = XCBuildConfiguration;
			buildSettings = {
				BUNDLE_LOADER = "$(TEST_HOST)";
				INFOPLIST_FILE = punching_bagTests/Info.plist;
				LD_RUNPATH_SEARCH_PATHS = "$(inherited) @executable_path/Frameworks @loader_path/Frameworks";
				PRODUCT_BUNDLE_IDENTIFIER = "com.JohnPham.punching-bagTests";
				PRODUCT_NAME = "$(TARGET_NAME)";
				TEST_HOST = "$(BUILT_PRODUCTS_DIR)/punching_bag.app/punching_bag";
			};
			name = Release;
		};
		CC1A541D1D838D1700FDA15B /* Debug */ = {
			isa = XCBuildConfiguration;
			buildSettings = {
				INFOPLIST_FILE = punching_bagUITests/Info.plist;
				LD_RUNPATH_SEARCH_PATHS = "$(inherited) @executable_path/Frameworks @loader_path/Frameworks";
				PRODUCT_BUNDLE_IDENTIFIER = "com.JohnPham.punching-bagUITests";
				PRODUCT_NAME = "$(TARGET_NAME)";
				TEST_TARGET_NAME = punching_bag;
			};
			name = Debug;
		};
		CC1A541E1D838D1700FDA15B /* Release */ = {
			isa = XCBuildConfiguration;
			buildSettings = {
				INFOPLIST_FILE = punching_bagUITests/Info.plist;
				LD_RUNPATH_SEARCH_PATHS = "$(inherited) @executable_path/Frameworks @loader_path/Frameworks";
				PRODUCT_BUNDLE_IDENTIFIER = "com.JohnPham.punching-bagUITests";
				PRODUCT_NAME = "$(TARGET_NAME)";
				TEST_TARGET_NAME = punching_bag;
			};
			name = Release;
		};
/* End XCBuildConfiguration section */

/* Begin XCConfigurationList section */
		CC1A53E91D838D1700FDA15B /* Build configuration list for PBXProject "punching_bag" */ = {
			isa = XCConfigurationList;
			buildConfigurations = (
				CC1A54141D838D1700FDA15B /* Debug */,
				CC1A54151D838D1700FDA15B /* Release */,
			);
			defaultConfigurationIsVisible = 0;
			defaultConfigurationName = Release;
		};
		CC1A54161D838D1700FDA15B /* Build configuration list for PBXNativeTarget "punching_bag" */ = {
			isa = XCConfigurationList;
			buildConfigurations = (
				CC1A54171D838D1700FDA15B /* Debug */,
				CC1A54181D838D1700FDA15B /* Release */,
			);
			defaultConfigurationIsVisible = 0;
			defaultConfigurationName = Release;
		};
		CC1A54191D838D1700FDA15B /* Build configuration list for PBXNativeTarget "punching_bagTests" */ = {
			isa = XCConfigurationList;
			buildConfigurations = (
				CC1A541A1D838D1700FDA15B /* Debug */,
				CC1A541B1D838D1700FDA15B /* Release */,
			);
			defaultConfigurationIsVisible = 0;
			defaultConfigurationName = Release;
		};
		CC1A541C1D838D1700FDA15B /* Build configuration list for PBXNativeTarget "punching_bagUITests" */ = {
			isa = XCConfigurationList;
			buildConfigurations = (
				CC1A541D1D838D1700FDA15B /* Debug */,
				CC1A541E1D838D1700FDA15B /* Release */,
			);
			defaultConfigurationIsVisible = 0;
			defaultConfigurationName = Release;
		};
/* End XCConfigurationList section */
	};
	rootObject = CC1A53E61D838D1700FDA15B /* Project object */;
}
